{
  "name": "root3-cli",
  "version": "0.1.0",
  "lockfileVersion": 2,
  "requires": true,
  "packages": {
    "": {
      "version": "0.1.0",
      "dependencies": {
        "xterm": "^4.10.0"
      }
    },
    "node_modules/xterm": {
      "version": "4.10.0",
      "resolved": "https://registry.npmjs.org/xterm/-/xterm-4.10.0.tgz",
      "integrity": "sha512-Wn66I8YpSVkgP3R95GjABC6Eb21pFfnCSnyIqKIIoUI13ohvwd0KGVzUDfyEFfSAzKbPJfrT2+vt7SfUXBZQKQ=="
    }
  },
  "dependencies": {
    "xterm": {
      "version": "4.10.0",
      "resolved": "https://registry.npmjs.org/xterm/-/xterm-4.10.0.tgz",
      "integrity": "sha512-Wn66I8YpSVkgP3R95GjABC6Eb21pFfnCSnyIqKIIoUI13ohvwd0KGVzUDfyEFfSAzKbPJfrT2+vt7SfUXBZQKQ=="
    }
  }
}
