{
  "name": "rootvc-cli-website",
  "version": "0.1.0",
  "lockfileVersion": 2,
  "requires": true,
  "packages": {
    "": {
      "name": "rootvc-cli-website",
      "version": "0.1.0",
      "dependencies": {
        "aalib.js": "^2.0.0",
        "xterm": "^4.10.0",
        "xterm-addon-fit": "^0.5.0",
        "xterm-addon-web-links": "^0.4.0"
      }
    },
    "node_modules/aalib.js": {
      "version": "2.0.0",
      "resolved": "https://registry.npmjs.org/aalib.js/-/aalib.js-2.0.0.tgz",
      "integrity": "sha512-LpfVpCIb3/SdnOkZyWLN/twyDG+j8u5addQkOcUM+RG2UjGmdPpBL7g1iS42IwFKlPjzHMx5LFXYjNKbz9C88g==",
      "dependencies": {
        "rxjs": "^5.4.3",
        "vue": "^2.5.7"
      }
    },
    "node_modules/rxjs": {
      "version": "5.5.12",
      "resolved": "https://registry.npmjs.org/rxjs/-/rxjs-5.5.12.tgz",
      "integrity": "sha512-xx2itnL5sBbqeeiVgNPVuQQ1nC8Jp2WfNJhXWHmElW9YmrpS9UVnNzhP3EH3HFqexO5Tlp8GhYY+WEcqcVMvGw==",
      "dependencies": {
        "symbol-observable": "1.0.1"
      },
      "engines": {
        "npm": ">=2.0.0"
      }
    },
    "node_modules/symbol-observable": {
      "version": "1.0.1",
      "resolved": "https://registry.npmjs.org/symbol-observable/-/symbol-observable-1.0.1.tgz",
      "integrity": "sha1-g0D8RwLDEi310iKI+IKD9RPT/dQ=",
      "engines": {
        "node": ">=0.10.0"
      }
    },
    "node_modules/vue": {
      "version": "2.6.12",
      "resolved": "https://registry.npmjs.org/vue/-/vue-2.6.12.tgz",
      "integrity": "sha512-uhmLFETqPPNyuLLbsKz6ioJ4q7AZHzD8ZVFNATNyICSZouqP2Sz0rotWQC8UNBF6VGSCs5abnKJoStA6JbCbfg=="
    },
    "node_modules/xterm": {
      "version": "4.10.0",
      "resolved": "https://registry.npmjs.org/xterm/-/xterm-4.10.0.tgz",
      "integrity": "sha512-Wn66I8YpSVkgP3R95GjABC6Eb21pFfnCSnyIqKIIoUI13ohvwd0KGVzUDfyEFfSAzKbPJfrT2+vt7SfUXBZQKQ=="
    },
    "node_modules/xterm-addon-fit": {
      "version": "0.5.0",
      "resolved": "https://registry.npmjs.org/xterm-addon-fit/-/xterm-addon-fit-0.5.0.tgz",
      "integrity": "sha512-DsS9fqhXHacEmsPxBJZvfj2la30Iz9xk+UKjhQgnYNkrUIN5CYLbw7WEfz117c7+S86S/tpHPfvNxJsF5/G8wQ==",
      "peerDependencies": {
        "xterm": "^4.0.0"
      }
    },
    "node_modules/xterm-addon-web-links": {
      "version": "0.4.0",
      "resolved": "https://registry.npmjs.org/xterm-addon-web-links/-/xterm-addon-web-links-0.4.0.tgz",
      "integrity": "sha512-xv8GeiINmx0zENO9hf5k+5bnkaE8mRzF+OBAr9WeFq2eLaQSudioQSiT34M1ofKbzcdjSsKiZm19Rw3i4eXamg==",
      "peerDependencies": {
        "xterm": "^4.0.0"
      }
    }
  },
  "dependencies": {
    "aalib.js": {
      "version": "2.0.0",
      "resolved": "https://registry.npmjs.org/aalib.js/-/aalib.js-2.0.0.tgz",
      "integrity": "sha512-LpfVpCIb3/SdnOkZyWLN/twyDG+j8u5addQkOcUM+RG2UjGmdPpBL7g1iS42IwFKlPjzHMx5LFXYjNKbz9C88g==",
      "requires": {
        "rxjs": "^5.4.3",
        "vue": "^2.5.7"
      }
    },
    "rxjs": {
      "version": "5.5.12",
      "resolved": "https://registry.npmjs.org/rxjs/-/rxjs-5.5.12.tgz",
      "integrity": "sha512-xx2itnL5sBbqeeiVgNPVuQQ1nC8Jp2WfNJhXWHmElW9YmrpS9UVnNzhP3EH3HFqexO5Tlp8GhYY+WEcqcVMvGw==",
      "requires": {
        "symbol-observable": "1.0.1"
      }
    },
    "symbol-observable": {
      "version": "1.0.1",
      "resolved": "https://registry.npmjs.org/symbol-observable/-/symbol-observable-1.0.1.tgz",
      "integrity": "sha1-g0D8RwLDEi310iKI+IKD9RPT/dQ="
    },
    "vue": {
      "version": "2.6.12",
      "resolved": "https://registry.npmjs.org/vue/-/vue-2.6.12.tgz",
      "integrity": "sha512-uhmLFETqPPNyuLLbsKz6ioJ4q7AZHzD8ZVFNATNyICSZouqP2Sz0rotWQC8UNBF6VGSCs5abnKJoStA6JbCbfg=="
    },
    "xterm": {
      "version": "4.10.0",
      "resolved": "https://registry.npmjs.org/xterm/-/xterm-4.10.0.tgz",
      "integrity": "sha512-Wn66I8YpSVkgP3R95GjABC6Eb21pFfnCSnyIqKIIoUI13ohvwd0KGVzUDfyEFfSAzKbPJfrT2+vt7SfUXBZQKQ=="
    },
    "xterm-addon-fit": {
      "version": "0.5.0",
      "resolved": "https://registry.npmjs.org/xterm-addon-fit/-/xterm-addon-fit-0.5.0.tgz",
      "integrity": "sha512-DsS9fqhXHacEmsPxBJZvfj2la30Iz9xk+UKjhQgnYNkrUIN5CYLbw7WEfz117c7+S86S/tpHPfvNxJsF5/G8wQ==",
      "requires": {}
    },
    "xterm-addon-web-links": {
      "version": "0.4.0",
      "resolved": "https://registry.npmjs.org/xterm-addon-web-links/-/xterm-addon-web-links-0.4.0.tgz",
      "integrity": "sha512-xv8GeiINmx0zENO9hf5k+5bnkaE8mRzF+OBAr9WeFq2eLaQSudioQSiT34M1ofKbzcdjSsKiZm19Rw3i4eXamg==",
      "requires": {}
    }
  }
}
